
Microsoft Visual Studio Solution File, Format Version 12.00
# Visual Studio Version 17
VisualStudioVersion = 17.4.33213.308
MinimumVisualStudioVersion = 10.0.40219.1
Project("{FAE04EC0-301F-11D3-BF4B-00C04F79EFBC}") = "App1.Android", "App1\App1.Android\App1.Android.csproj", "{C7E2A390-A769-4BF9-88AD-D11A0268DA44}"
EndProject
Project("{FAE04EC0-301F-11D3-BF4B-00C04F79EFBC}") = "App1", "App1\App1\App1.csproj", "{01445BDF-68A1-4B14-97FD-4F3BAFA905B1}"
EndProject
Global
	GlobalSection(SolutionConfigurationPlatforms) = preSolution
		Debug|Any CPU = Debug|Any CPU
		Release|Any CPU = Release|Any CPU
	EndGlobalSection
	GlobalSection(ProjectConfigurationPlatforms) = postSolution
		{C7E2A390-A769-4BF9-88AD-D11A0268DA44}.Debug|Any CPU.ActiveCfg = Debug|Any CPU
		{C7E2A390-A769-4BF9-88AD-D11A0268DA44}.Debug|Any CPU.Build.0 = Debug|Any CPU
		{C7E2A390-A769-4BF9-88AD-D11A0268DA44}.Debug|Any CPU.Deploy.0 = Debug|Any CPU
		{C7E2A390-A769-4BF9-88AD-D11A0268DA44}.Release|Any CPU.ActiveCfg = Release|Any CPU
		{C7E2A390-A769-4BF9-88AD-D11A0268DA44}.Release|Any CPU.Build.0 = Release|Any CPU
		{C7E2A390-A769-4BF9-88AD-D11A0268DA44}.Release|Any CPU.Deploy.0 = Release|Any CPU
		{01445BDF-68A1-4B14-97FD-4F3BAFA905B1}.Debug|Any CPU.ActiveCfg = Debug|Any CPU
		{01445BDF-68A1-4B14-97FD-4F3BAFA905B1}.Debug|Any CPU.Build.0 = Debug|Any CPU
		{01445BDF-68A1-4B14-97FD-4F3BAFA905B1}.Debug|Any CPU.Deploy.0 = Debug|Any CPU
		{01445BDF-68A1-4B14-97FD-4F3BAFA905B1}.Release|Any CPU.ActiveCfg = Release|Any CPU
		{01445BDF-68A1-4B14-97FD-4F3BAFA905B1}.Release|Any CPU.Build.0 = Release|Any CPU
		{01445BDF-68A1-4B14-97FD-4F3BAFA905B1}.Release|Any CPU.Deploy.0 = Release|Any CPU
	EndGlobalSection
	GlobalSection(SolutionProperties) = preSolution
		HideSolutionNode = FALSE
	EndGlobalSection
	GlobalSection(ExtensibilityGlobals) = postSolution
		SolutionGuid = {DA7B6B42-0D61-4A21-9E66-9834627D7DAD}
	EndGlobalSection
EndGlobal
